
Microsoft Visual Studio Solution File, Format Version 12.00
# Visual Studio 15
VisualStudioVersion = 15.0.27703.2047
MinimumVisualStudioVersion = 10.0.40219.1
Project("{FAE04EC0-301F-11D3-BF4B-00C04F79EFBC}") = "FakeData", "FakeData\FakeData.csproj", "{ED8EA31C-7D1A-4DDD-AF97-B1FFF0069917}"
EndProject
Project("{FAE04EC0-301F-11D3-BF4B-00C04F79EFBC}") = "FakeTest", "FakeTest\FakeTest.csproj", "{1D019859-3BC4-44E1-BB49-4FF1B3606836}"
EndProject
Global
	GlobalSection(SolutionConfigurationPlatforms) = preSolution
		Debug|Any CPU = Debug|Any CPU
		Release|Any CPU = Release|Any CPU
	EndGlobalSection
	GlobalSection(ProjectConfigurationPlatforms) = postSolution
		{ED8EA31C-7D1A-4DDD-AF97-B1FFF0069917}.Debug|Any CPU.ActiveCfg = Debug|Any CPU
		{ED8EA31C-7D1A-4DDD-AF97-B1FFF0069917}.Debug|Any CPU.Build.0 = Debug|Any CPU
		{ED8EA31C-7D1A-4DDD-AF97-B1FFF0069917}.Release|Any CPU.ActiveCfg = Release|Any CPU
		{ED8EA31C-7D1A-4DDD-AF97-B1FFF0069917}.Release|Any CPU.Build.0 = Release|Any CPU
		{1D019859-3BC4-44E1-BB49-4FF1B3606836}.Debug|Any CPU.ActiveCfg = Debug|Any CPU
		{1D019859-3BC4-44E1-BB49-4FF1B3606836}.Debug|Any CPU.Build.0 = Debug|Any CPU
		{1D019859-3BC4-44E1-BB49-4FF1B3606836}.Release|Any CPU.ActiveCfg = Release|Any CPU
		{1D019859-3BC4-44E1-BB49-4FF1B3606836}.Release|Any CPU.Build.0 = Release|Any CPU
	EndGlobalSection
	GlobalSection(SolutionProperties) = preSolution
		HideSolutionNode = FALSE
	EndGlobalSection
	GlobalSection(ExtensibilityGlobals) = postSolution
		SolutionGuid = {4216D134-E5F5-4B5D-AD95-C4C6ECCB8618}
	EndGlobalSection
EndGlobal
